{
  "name": "legion-web-0-1",
  "version": "0.1.0",
  "lockfileVersion": 3,
  "requires": true,
  "packages": {
    "": {
      "name": "legion-web-0-1",
      "version": "0.1.0",
      "dependencies": {
        "typescript": "^5.8.3",
        "vite": "^7.1.0"
      }
    },
    "node_modules/@esbuild/aix-ppc64": {
      "version": "0.25.9",
      "resolved": "https://registry.npmjs.org/@esbuild/aix-ppc64/-/aix-ppc64-0.25.9.tgz",
      "integrity": "sha512-OaGtL3Pp3VfYQv9m5w6X1h2oQk4m1QnY0h7m8u8Gm3b7xv5h4s4uG6j9e0w2d3u1n9m8f7c6b5a4d3e2f1g0hQ==",
      "optional": true,
      "engines": {"node": ">=18"}
    }
  }
}
